
Microsoft Visual Studio Solution File, Format Version 12.00
# Visual Studio Version 17
VisualStudioVersion = 17.3.32811.315
MinimumVisualStudioVersion = 10.0.40219.1
Project("{9A19103F-16F7-4668-BE54-9A1E7A4F7556}") = "JailLensApi", "JailLensApi\JailLensApi.csproj", "{732D83CF-4F39-4474-B510-80CE022DE0E2}"
EndProject
Project("{9A19103F-16F7-4668-BE54-9A1E7A4F7556}") = "JailLensApi.Data", "JailLensApi.Data\JailLensApi.Data.csproj", "{2D4385D6-3AA6-409A-B133-D1186FD5400E}"
EndProject
Project("{9A19103F-16F7-4668-BE54-9A1E7A4F7556}") = "JailLensApi.Infrastructure", "JailLensApi.Infrastructure\JailLensApi.Infrastructure.csproj", "{3A3105B8-D143-4FAC-B696-C02BC75C474E}"
EndProject
Project("{9A19103F-16F7-4668-BE54-9A1E7A4F7556}") = "JailLensApi.WindowsService", "JailLensApi.WindowsService\JailLensApi.WindowsService.csproj", "{56B37DBD-CB62-4035-9228-23B7B6956E13}"
EndProject
Global
	GlobalSection(SolutionConfigurationPlatforms) = preSolution
		Debug|Any CPU = Debug|Any CPU
		Debug|x86 = Debug|x86
		Release|Any CPU = Release|Any CPU
		Release|x86 = Release|x86
	EndGlobalSection
	GlobalSection(ProjectConfigurationPlatforms) = postSolution
		{732D83CF-4F39-4474-B510-80CE022DE0E2}.Debug|Any CPU.ActiveCfg = Debug|Any CPU
		{732D83CF-4F39-4474-B510-80CE022DE0E2}.Debug|Any CPU.Build.0 = Debug|Any CPU
		{732D83CF-4F39-4474-B510-80CE022DE0E2}.Debug|x86.ActiveCfg = Debug|Any CPU
		{732D83CF-4F39-4474-B510-80CE022DE0E2}.Debug|x86.Build.0 = Debug|Any CPU
		{732D83CF-4F39-4474-B510-80CE022DE0E2}.Release|Any CPU.ActiveCfg = Release|Any CPU
		{732D83CF-4F39-4474-B510-80CE022DE0E2}.Release|Any CPU.Build.0 = Release|Any CPU
		{732D83CF-4F39-4474-B510-80CE022DE0E2}.Release|x86.ActiveCfg = Release|Any CPU
		{732D83CF-4F39-4474-B510-80CE022DE0E2}.Release|x86.Build.0 = Release|Any CPU
		{2D4385D6-3AA6-409A-B133-D1186FD5400E}.Debug|Any CPU.ActiveCfg = Debug|Any CPU
		{2D4385D6-3AA6-409A-B133-D1186FD5400E}.Debug|Any CPU.Build.0 = Debug|Any CPU
		{2D4385D6-3AA6-409A-B133-D1186FD5400E}.Debug|x86.ActiveCfg = Debug|Any CPU
		{2D4385D6-3AA6-409A-B133-D1186FD5400E}.Debug|x86.Build.0 = Debug|Any CPU
		{2D4385D6-3AA6-409A-B133-D1186FD5400E}.Release|Any CPU.ActiveCfg = Release|Any CPU
		{2D4385D6-3AA6-409A-B133-D1186FD5400E}.Release|Any CPU.Build.0 = Release|Any CPU
		{2D4385D6-3AA6-409A-B133-D1186FD5400E}.Release|x86.ActiveCfg = Release|Any CPU
		{2D4385D6-3AA6-409A-B133-D1186FD5400E}.Release|x86.Build.0 = Release|Any CPU
		{3A3105B8-D143-4FAC-B696-C02BC75C474E}.Debug|Any CPU.ActiveCfg = Debug|Any CPU
		{3A3105B8-D143-4FAC-B696-C02BC75C474E}.Debug|Any CPU.Build.0 = Debug|Any CPU
		{3A3105B8-D143-4FAC-B696-C02BC75C474E}.Debug|x86.ActiveCfg = Debug|Any CPU
		{3A3105B8-D143-4FAC-B696-C02BC75C474E}.Debug|x86.Build.0 = Debug|Any CPU
		{3A3105B8-D143-4FAC-B696-C02BC75C474E}.Release|Any CPU.ActiveCfg = Release|Any CPU
		{3A3105B8-D143-4FAC-B696-C02BC75C474E}.Release|Any CPU.Build.0 = Release|Any CPU
		{3A3105B8-D143-4FAC-B696-C02BC75C474E}.Release|x86.ActiveCfg = Release|Any CPU
		{3A3105B8-D143-4FAC-B696-C02BC75C474E}.Release|x86.Build.0 = Release|Any CPU
		{56B37DBD-CB62-4035-9228-23B7B6956E13}.Debug|Any CPU.ActiveCfg = Debug|Any CPU
		{56B37DBD-CB62-4035-9228-23B7B6956E13}.Debug|Any CPU.Build.0 = Debug|Any CPU
		{56B37DBD-CB62-4035-9228-23B7B6956E13}.Debug|x86.ActiveCfg = Debug|Any CPU
		{56B37DBD-CB62-4035-9228-23B7B6956E13}.Debug|x86.Build.0 = Debug|Any CPU
		{56B37DBD-CB62-4035-9228-23B7B6956E13}.Release|Any CPU.ActiveCfg = Release|Any CPU
		{56B37DBD-CB62-4035-9228-23B7B6956E13}.Release|Any CPU.Build.0 = Release|Any CPU
		{56B37DBD-CB62-4035-9228-23B7B6956E13}.Release|x86.ActiveCfg = Release|Any CPU
		{56B37DBD-CB62-4035-9228-23B7B6956E13}.Release|x86.Build.0 = Release|Any CPU
	EndGlobalSection
	GlobalSection(SolutionProperties) = preSolution
		HideSolutionNode = FALSE
	EndGlobalSection
	GlobalSection(ExtensibilityGlobals) = postSolution
		SolutionGuid = {DFDC9D04-2481-408B-989D-A36A3D2DB62B}
	EndGlobalSection
EndGlobal
